// !$*UTF8*$!
{
	archiveVersion = 1;
	classes = {
	};
	objectVersion = 56;
	objects = {

/* Begin PBXBuildFile section */
		D50257F32C0ED922000C799E /* InstagramSwiftUIApp.swift in Sources */ = {isa = PBXBuildFile; fileRef = D50257F22C0ED922000C799E /* InstagramSwiftUIApp.swift */; };
		D50257F52C0ED922000C799E /* ContentView.swift in Sources */ = {isa = PBXBuildFile; fileRef = D50257F42C0ED922000C799E /* ContentView.swift */; };
		D50257F72C0ED926000C799E /* Assets.xcassets in Resources */ = {isa = PBXBuildFile; fileRef = D50257F62C0ED926000C799E /* Assets.xcassets */; };
		D50257FA2C0ED926000C799E /* Preview Assets.xcassets in Resources */ = {isa = PBXBuildFile; fileRef = D50257F92C0ED926000C799E /* Preview Assets.xcassets */; };
		D502580E2C0EDAF1000C799E /* MainTabView.swift in Sources */ = {isa = PBXBuildFile; fileRef = D502580D2C0EDAF1000C799E /* MainTabView.swift */; };
		D50258122C0EDC74000C799E /* UIManager.swift in Sources */ = {isa = PBXBuildFile; fileRef = D50258112C0EDC74000C799E /* UIManager.swift */; };
		D50258142C0EE299000C799E /* ProfileView.swift in Sources */ = {isa = PBXBuildFile; fileRef = D50258132C0EE299000C799E /* ProfileView.swift */; };
		D50258172C0EE7E8000C799E /* UserStatView.swift in Sources */ = {isa = PBXBuildFile; fileRef = D50258162C0EE7E8000C799E /* UserStatView.swift */; };
		D50258192C0F02C7000C799E /* Constants.swift in Sources */ = {isa = PBXBuildFile; fileRef = D50258182C0F02C6000C799E /* Constants.swift */; };
		D502581D2C0F0704000C799E /* FeedView.swift in Sources */ = {isa = PBXBuildFile; fileRef = D502581C2C0F0704000C799E /* FeedView.swift */; };
		D502581F2C0F0717000C799E /* FeedCell.swift in Sources */ = {isa = PBXBuildFile; fileRef = D502581E2C0F0717000C799E /* FeedCell.swift */; };
		D50258212C0F135A000C799E /* SearchView.swift in Sources */ = {isa = PBXBuildFile; fileRef = D50258202C0F135A000C799E /* SearchView.swift */; };
		D50258232C0F15B1000C799E /* Superhero.swift in Sources */ = {isa = PBXBuildFile; fileRef = D50258222C0F15B1000C799E /* Superhero.swift */; };
		D50258252C0F170F000C799E /* SearchCell.swift in Sources */ = {isa = PBXBuildFile; fileRef = D50258242C0F170F000C799E /* SearchCell.swift */; };
		D50258272C0F181E000C799E /* LoginView.swift in Sources */ = {isa = PBXBuildFile; fileRef = D50258262C0F181E000C799E /* LoginView.swift */; };
		D50258292C0F24E0000C799E /* AddEmailView.swift in Sources */ = {isa = PBXBuildFile; fileRef = D50258282C0F24E0000C799E /* AddEmailView.swift */; };
		D502582C2C0F27AE000C799E /* TextFieldViewModifier.swift in Sources */ = {isa = PBXBuildFile; fileRef = D502582B2C0F27AE000C799E /* TextFieldViewModifier.swift */; };
		D502582E2C0F286E000C799E /* ButtonViewModifier.swift in Sources */ = {isa = PBXBuildFile; fileRef = D502582D2C0F286E000C799E /* ButtonViewModifier.swift */; };
		D50258302C0F2A5C000C799E /* AddUserNameView.swift in Sources */ = {isa = PBXBuildFile; fileRef = D502582F2C0F2A5C000C799E /* AddUserNameView.swift */; };
		D50258322C0F2C34000C799E /* AddPasswordView.swift in Sources */ = {isa = PBXBuildFile; fileRef = D50258312C0F2C34000C799E /* AddPasswordView.swift */; };
		D50258342C0F2D23000C799E /* CompleteSignUpView.swift in Sources */ = {isa = PBXBuildFile; fileRef = D50258332C0F2D23000C799E /* CompleteSignUpView.swift */; };
		D50258362C0F3029000C799E /* User.swift in Sources */ = {isa = PBXBuildFile; fileRef = D50258352C0F3029000C799E /* User.swift */; };
		D50258382C0F37FF000C799E /* CurrentUserProfileView.swift in Sources */ = {isa = PBXBuildFile; fileRef = D50258372C0F37FF000C799E /* CurrentUserProfileView.swift */; };
		D502583A2C0F3B28000C799E /* Post.swift in Sources */ = {isa = PBXBuildFile; fileRef = D50258392C0F3B28000C799E /* Post.swift */; };
		D502583C2C0F401D000C799E /* Int + Extension.swift in Sources */ = {isa = PBXBuildFile; fileRef = D502583B2C0F401D000C799E /* Int + Extension.swift */; };
		D502583F2C0F438A000C799E /* PostGridView.swift in Sources */ = {isa = PBXBuildFile; fileRef = D502583E2C0F438A000C799E /* PostGridView.swift */; };
		D50258412C0F47F7000C799E /* ProfileHeaderView.swift in Sources */ = {isa = PBXBuildFile; fileRef = D50258402C0F47F7000C799E /* ProfileHeaderView.swift */; };
		D50258432C0F5E95000C799E /* UploadPostView.swift in Sources */ = {isa = PBXBuildFile; fileRef = D50258422C0F5E95000C799E /* UploadPostView.swift */; };
		D50258452C0F672C000C799E /* UploadPostViewModel.swift in Sources */ = {isa = PBXBuildFile; fileRef = D50258442C0F672C000C799E /* UploadPostViewModel.swift */; };
		D50258472C0F78E5000C799E /* GoogleService-Info.plist in Resources */ = {isa = PBXBuildFile; fileRef = D50258462C0F78E5000C799E /* GoogleService-Info.plist */; };
		D50258562C0F934E000C799E /* AuthService.swift in Sources */ = {isa = PBXBuildFile; fileRef = D50258552C0F934E000C799E /* AuthService.swift */; };
		D50258582C0F9497000C799E /* ContentViewModel.swift in Sources */ = {isa = PBXBuildFile; fileRef = D50258572C0F9497000C799E /* ContentViewModel.swift */; };
		D502585D2C0F997A000C799E /* RegistrationViewModel.swift in Sources */ = {isa = PBXBuildFile; fileRef = D502585C2C0F997A000C799E /* RegistrationViewModel.swift */; };
		D502585F2C0FA2D7000C799E /* LoginViewModel.swift in Sources */ = {isa = PBXBuildFile; fileRef = D502585E2C0FA2D7000C799E /* LoginViewModel.swift */; };
		D50258612C0FA74D000C799E /* String + Extension.swift in Sources */ = {isa = PBXBuildFile; fileRef = D50258602C0FA74C000C799E /* String + Extension.swift */; };
		D50258642C0FA977000C799E /* AuthenticationFormProtocol.swift in Sources */ = {isa = PBXBuildFile; fileRef = D50258632C0FA976000C799E /* AuthenticationFormProtocol.swift */; };
		D50258662C103622000C799E /* UserService.swift in Sources */ = {isa = PBXBuildFile; fileRef = D50258652C103622000C799E /* UserService.swift */; };
		D50258682C105B1B000C799E /* SearchViewModel.swift in Sources */ = {isa = PBXBuildFile; fileRef = D50258672C105B1B000C799E /* SearchViewModel.swift */; };
		D502586A2C1062F5000C799E /* EditProfileView.swift in Sources */ = {isa = PBXBuildFile; fileRef = D50258692C1062F5000C799E /* EditProfileView.swift */; };
		D502586E2C1069F6000C799E /* EditProfileViewModel.swift in Sources */ = {isa = PBXBuildFile; fileRef = D502586D2C1069F6000C799E /* EditProfileViewModel.swift */; };
		D50258702C107346000C799E /* ImageUploaderService.swift in Sources */ = {isa = PBXBuildFile; fileRef = D502586F2C107345000C799E /* ImageUploaderService.swift */; };
		D50258732C109E05000C799E /* Kingfisher in Frameworks */ = {isa = PBXBuildFile; productRef = D50258722C109E05000C799E /* Kingfisher */; };
		D50258752C10A63E000C799E /* RoundedImageView.swift in Sources */ = {isa = PBXBuildFile; fileRef = D50258742C10A63E000C799E /* RoundedImageView.swift */; };
		D50258772C10E1C7000C799E /* CustomProgressView.swift in Sources */ = {isa = PBXBuildFile; fileRef = D50258762C10E1C7000C799E /* CustomProgressView.swift */; };
		D5164B532C12F6D00043CB10 /* ProfileViewModel.swift in Sources */ = {isa = PBXBuildFile; fileRef = D5164B522C12F6D00043CB10 /* ProfileViewModel.swift */; };
		D5164B552C1318E50043CB10 /* UserListConfig.swift in Sources */ = {isa = PBXBuildFile; fileRef = D5164B542C1318E50043CB10 /* UserListConfig.swift */; };
		D5164B572C13210B0043CB10 /* UserListView.swift in Sources */ = {isa = PBXBuildFile; fileRef = D5164B562C13210B0043CB10 /* UserListView.swift */; };
		D5164B5A2C13218C0043CB10 /* UserListViewModel.swift in Sources */ = {isa = PBXBuildFile; fileRef = D5164B592C13218C0043CB10 /* UserListViewModel.swift */; };
		D5164B612C132ECE0043CB10 /* NotificateView.swift in Sources */ = {isa = PBXBuildFile; fileRef = D5164B602C132ECE0043CB10 /* NotificateView.swift */; };
		D5164B632C132EF20043CB10 /* NotificationCell.swift in Sources */ = {isa = PBXBuildFile; fileRef = D5164B622C132EF20043CB10 /* NotificationCell.swift */; };
		D5193EAF2C1211D10018EE66 /* FeedCellViewModel.swift in Sources */ = {isa = PBXBuildFile; fileRef = D5193EAE2C1211D00018EE66 /* FeedCellViewModel.swift */; };
		D5193EB22C1213970018EE66 /* FirebaseAuth in Frameworks */ = {isa = PBXBuildFile; productRef = D5193EB12C1213970018EE66 /* FirebaseAuth */; };
		D5193EB42C1213970018EE66 /* FirebaseFirestore in Frameworks */ = {isa = PBXBuildFile; productRef = D5193EB32C1213970018EE66 /* FirebaseFirestore */; };
		D5193EB62C1213970018EE66 /* FirebaseFirestoreSwift in Frameworks */ = {isa = PBXBuildFile; productRef = D5193EB52C1213970018EE66 /* FirebaseFirestoreSwift */; };
		D5193EB82C1213970018EE66 /* FirebaseStorage in Frameworks */ = {isa = PBXBuildFile; productRef = D5193EB72C1213970018EE66 /* FirebaseStorage */; };
		D5193EBF2C1252F90018EE66 /* CommentCell.swift in Sources */ = {isa = PBXBuildFile; fileRef = D5193EBE2C1252F90018EE66 /* CommentCell.swift */; };
		D5193EC12C1253110018EE66 /* CommentView.swift in Sources */ = {isa = PBXBuildFile; fileRef = D5193EC02C1253110018EE66 /* CommentView.swift */; };
		D5193EC32C1262320018EE66 /* Comment.swift in Sources */ = {isa = PBXBuildFile; fileRef = D5193EC22C1262320018EE66 /* Comment.swift */; };
		D5193EC52C1264030018EE66 /* CommentService.swift in Sources */ = {isa = PBXBuildFile; fileRef = D5193EC42C1264030018EE66 /* CommentService.swift */; };
		D5193EC72C12641C0018EE66 /* CommentViewModel.swift in Sources */ = {isa = PBXBuildFile; fileRef = D5193EC62C12641C0018EE66 /* CommentViewModel.swift */; };
		D58EF3352C11DDF60087CD71 /* FeedViewModel.swift in Sources */ = {isa = PBXBuildFile; fileRef = D58EF3342C11DDF60087CD71 /* FeedViewModel.swift */; };
		D58EF3372C11EE1B0087CD71 /* PostService.swift in Sources */ = {isa = PBXBuildFile; fileRef = D58EF3362C11EE1B0087CD71 /* PostService.swift */; };
		D58EF3392C11F85D0087CD71 /* PostGridViewModel.swift in Sources */ = {isa = PBXBuildFile; fileRef = D58EF3382C11F85D0087CD71 /* PostGridViewModel.swift */; };
		D58EF33D2C12021B0087CD71 /* Timestamp + Extension.swift in Sources */ = {isa = PBXBuildFile; fileRef = D58EF33C2C12021B0087CD71 /* Timestamp + Extension.swift */; };
		D5D3E2192C1349CB00BFFD21 /* Notification.swift in Sources */ = {isa = PBXBuildFile; fileRef = D5D3E2182C1349CB00BFFD21 /* Notification.swift */; };
		D5D3E21B2C134A4600BFFD21 /* NotificationType.swift in Sources */ = {isa = PBXBuildFile; fileRef = D5D3E21A2C134A4500BFFD21 /* NotificationType.swift */; };
		D5D3E21D2C13514500BFFD21 /* NotificationViewModel.swift in Sources */ = {isa = PBXBuildFile; fileRef = D5D3E21C2C13514500BFFD21 /* NotificationViewModel.swift */; };
		D5D3E21F2C13563200BFFD21 /* NotificationService.swift in Sources */ = {isa = PBXBuildFile; fileRef = D5D3E21E2C13563200BFFD21 /* NotificationService.swift */; };
		D5D3E2232C1359BC00BFFD21 /* NotificationManager.swift in Sources */ = {isa = PBXBuildFile; fileRef = D5D3E2222C1359BC00BFFD21 /* NotificationManager.swift */; };
/* End PBXBuildFile section */

/* Begin PBXFileReference section */
		D50257EF2C0ED922000C799E /* InstagramSwiftUI.app */ = {isa = PBXFileReference; explicitFileType = wrapper.application; includeInIndex = 0; path = InstagramSwiftUI.app; sourceTree = BUILT_PRODUCTS_DIR; };
		D50257F22C0ED922000C799E /* InstagramSwiftUIApp.swift */ = {isa = PBXFileReference; lastKnownFileType = sourcecode.swift; path = InstagramSwiftUIApp.swift; sourceTree = "<group>"; };
		D50257F42C0ED922000C799E /* ContentView.swift */ = {isa = PBXFileReference; lastKnownFileType = sourcecode.swift; path = ContentView.swift; sourceTree = "<group>"; };
		D50257F62C0ED926000C799E /* Assets.xcassets */ = {isa = PBXFileReference; lastKnownFileType = folder.assetcatalog; path = Assets.xcassets; sourceTree = "<group>"; };
		D50257F92C0ED926000C799E /* Preview Assets.xcassets */ = {isa = PBXFileReference; lastKnownFileType = folder.assetcatalog; path = "Preview Assets.xcassets"; sourceTree = "<group>"; };
		D502580D2C0EDAF1000C799E /* MainTabView.swift */ = {isa = PBXFileReference; lastKnownFileType = sourcecode.swift; path = MainTabView.swift; sourceTree = "<group>"; };
		D50258112C0EDC74000C799E /* UIManager.swift */ = {isa = PBXFileReference; lastKnownFileType = sourcecode.swift; path = UIManager.swift; sourceTree = "<group>"; };
		D50258132C0EE299000C799E /* ProfileView.swift */ = {isa = PBXFileReference; lastKnownFileType = sourcecode.swift; path = ProfileView.swift; sourceTree = "<group>"; };
		D50258162C0EE7E8000C799E /* UserStatView.swift */ = {isa = PBXFileReference; lastKnownFileType = sourcecode.swift; path = UserStatView.swift; sourceTree = "<group>"; };
		D50258182C0F02C6000C799E /* Constants.swift */ = {isa = PBXFileReference; lastKnownFileType = sourcecode.swift; path = Constants.swift; sourceTree = "<group>"; };
		D502581C2C0F0704000C799E /* FeedView.swift */ = {isa = PBXFileReference; lastKnownFileType = sourcecode.swift; path = FeedView.swift; sourceTree = "<group>"; };
		D502581E2C0F0717000C799E /* FeedCell.swift */ = {isa = PBXFileReference; lastKnownFileType = sourcecode.swift; path = FeedCell.swift; sourceTree = "<group>"; };
		D50258202C0F135A000C799E /* SearchView.swift */ = {isa = PBXFileReference; lastKnownFileType = sourcecode.swift; path = SearchView.swift; sourceTree = "<group>"; };
		D50258222C0F15B1000C799E /* Superhero.swift */ = {isa = PBXFileReference; lastKnownFileType = sourcecode.swift; path = Superhero.swift; sourceTree = "<group>"; };
		D50258242C0F170F000C799E /* SearchCell.swift */ = {isa = PBXFileReference; lastKnownFileType = sourcecode.swift; path = SearchCell.swift; sourceTree = "<group>"; };
		D50258262C0F181E000C799E /* LoginView.swift */ = {isa = PBXFileReference; lastKnownFileType = sourcecode.swift; path = LoginView.swift; sourceTree = "<group>"; };
		D50258282C0F24E0000C799E /* AddEmailView.swift */ = {isa = PBXFileReference; lastKnownFileType = sourcecode.swift; path = AddEmailView.swift; sourceTree = "<group>"; };
		D502582B2C0F27AE000C799E /* TextFieldViewModifier.swift */ = {isa = PBXFileReference; lastKnownFileType = sourcecode.swift; path = TextFieldViewModifier.swift; sourceTree = "<group>"; };
		D502582D2C0F286E000C799E /* ButtonViewModifier.swift */ = {isa = PBXFileReference; lastKnownFileType = sourcecode.swift; path = ButtonViewModifier.swift; sourceTree = "<group>"; };
		D502582F2C0F2A5C000C799E /* AddUserNameView.swift */ = {isa = PBXFileReference; lastKnownFileType = sourcecode.swift; path = AddUserNameView.swift; sourceTree = "<group>"; };
		D50258312C0F2C34000C799E /* AddPasswordView.swift */ = {isa = PBXFileReference; lastKnownFileType = sourcecode.swift; path = AddPasswordView.swift; sourceTree = "<group>"; };
		D50258332C0F2D23000C799E /* CompleteSignUpView.swift */ = {isa = PBXFileReference; lastKnownFileType = sourcecode.swift; path = CompleteSignUpView.swift; sourceTree = "<group>"; };
		D50258352C0F3029000C799E /* User.swift */ = {isa = PBXFileReference; lastKnownFileType = sourcecode.swift; path = User.swift; sourceTree = "<group>"; };
		D50258372C0F37FF000C799E /* CurrentUserProfileView.swift */ = {isa = PBXFileReference; lastKnownFileType = sourcecode.swift; path = CurrentUserProfileView.swift; sourceTree = "<group>"; };
		D50258392C0F3B28000C799E /* Post.swift */ = {isa = PBXFileReference; lastKnownFileType = sourcecode.swift; path = Post.swift; sourceTree = "<group>"; };
		D502583B2C0F401D000C799E /* Int + Extension.swift */ = {isa = PBXFileReference; lastKnownFileType = sourcecode.swift; path = "Int + Extension.swift"; sourceTree = "<group>"; };
		D502583E2C0F438A000C799E /* PostGridView.swift */ = {isa = PBXFileReference; lastKnownFileType = sourcecode.swift; path = PostGridView.swift; sourceTree = "<group>"; };
		D50258402C0F47F7000C799E /* ProfileHeaderView.swift */ = {isa = PBXFileReference; lastKnownFileType = sourcecode.swift; path = ProfileHeaderView.swift; sourceTree = "<group>"; };
		D50258422C0F5E95000C799E /* UploadPostView.swift */ = {isa = PBXFileReference; lastKnownFileType = sourcecode.swift; path = UploadPostView.swift; sourceTree = "<group>"; };
		D50258442C0F672C000C799E /* UploadPostViewModel.swift */ = {isa = PBXFileReference; lastKnownFileType = sourcecode.swift; path = UploadPostViewModel.swift; sourceTree = "<group>"; };
		D50258462C0F78E5000C799E /* GoogleService-Info.plist */ = {isa = PBXFileReference; fileEncoding = 4; lastKnownFileType = text.plist.xml; path = "GoogleService-Info.plist"; sourceTree = "<group>"; };
		D50258552C0F934E000C799E /* AuthService.swift */ = {isa = PBXFileReference; lastKnownFileType = sourcecode.swift; path = AuthService.swift; sourceTree = "<group>"; };
		D50258572C0F9497000C799E /* ContentViewModel.swift */ = {isa = PBXFileReference; lastKnownFileType = sourcecode.swift; path = ContentViewModel.swift; sourceTree = "<group>"; };
		D502585C2C0F997A000C799E /* RegistrationViewModel.swift */ = {isa = PBXFileReference; lastKnownFileType = sourcecode.swift; path = RegistrationViewModel.swift; sourceTree = "<group>"; };
		D502585E2C0FA2D7000C799E /* LoginViewModel.swift */ = {isa = PBXFileReference; lastKnownFileType = sourcecode.swift; path = LoginViewModel.swift; sourceTree = "<group>"; };
		D50258602C0FA74C000C799E /* String + Extension.swift */ = {isa = PBXFileReference; lastKnownFileType = sourcecode.swift; path = "String + Extension.swift"; sourceTree = "<group>"; };
		D50258632C0FA976000C799E /* AuthenticationFormProtocol.swift */ = {isa = PBXFileReference; lastKnownFileType = sourcecode.swift; path = AuthenticationFormProtocol.swift; sourceTree = "<group>"; };
		D50258652C103622000C799E /* UserService.swift */ = {isa = PBXFileReference; lastKnownFileType = sourcecode.swift; path = UserService.swift; sourceTree = "<group>"; };
		D50258672C105B1B000C799E /* SearchViewModel.swift */ = {isa = PBXFileReference; lastKnownFileType = sourcecode.swift; path = SearchViewModel.swift; sourceTree = "<group>"; };
		D50258692C1062F5000C799E /* EditProfileView.swift */ = {isa = PBXFileReference; lastKnownFileType = sourcecode.swift; path = EditProfileView.swift; sourceTree = "<group>"; };
		D502586D2C1069F6000C799E /* EditProfileViewModel.swift */ = {isa = PBXFileReference; lastKnownFileType = sourcecode.swift; path = EditProfileViewModel.swift; sourceTree = "<group>"; };
		D502586F2C107345000C799E /* ImageUploaderService.swift */ = {isa = PBXFileReference; lastKnownFileType = sourcecode.swift; path = ImageUploaderService.swift; sourceTree = "<group>"; };
		D50258742C10A63E000C799E /* RoundedImageView.swift */ = {isa = PBXFileReference; lastKnownFileType = sourcecode.swift; path = RoundedImageView.swift; sourceTree = "<group>"; };
		D50258762C10E1C7000C799E /* CustomProgressView.swift */ = {isa = PBXFileReference; lastKnownFileType = sourcecode.swift; path = CustomProgressView.swift; sourceTree = "<group>"; };
		D5164B522C12F6D00043CB10 /* ProfileViewModel.swift */ = {isa = PBXFileReference; lastKnownFileType = sourcecode.swift; path = ProfileViewModel.swift; sourceTree = "<group>"; };
		D5164B542C1318E50043CB10 /* UserListConfig.swift */ = {isa = PBXFileReference; lastKnownFileType = sourcecode.swift; path = UserListConfig.swift; sourceTree = "<group>"; };
		D5164B562C13210B0043CB10 /* UserListView.swift */ = {isa = PBXFileReference; lastKnownFileType = sourcecode.swift; path = UserListView.swift; sourceTree = "<group>"; };
		D5164B592C13218C0043CB10 /* UserListViewModel.swift */ = {isa = PBXFileReference; lastKnownFileType = sourcecode.swift; path = UserListViewModel.swift; sourceTree = "<group>"; };
		D5164B602C132ECE0043CB10 /* NotificateView.swift */ = {isa = PBXFileReference; lastKnownFileType = sourcecode.swift; path = NotificateView.swift; sourceTree = "<group>"; };
		D5164B622C132EF20043CB10 /* NotificationCell.swift */ = {isa = PBXFileReference; lastKnownFileType = sourcecode.swift; path = NotificationCell.swift; sourceTree = "<group>"; };
		D5193EAE2C1211D00018EE66 /* FeedCellViewModel.swift */ = {isa = PBXFileReference; lastKnownFileType = sourcecode.swift; path = FeedCellViewModel.swift; sourceTree = "<group>"; };
		D5193EBE2C1252F90018EE66 /* CommentCell.swift */ = {isa = PBXFileReference; lastKnownFileType = sourcecode.swift; path = CommentCell.swift; sourceTree = "<group>"; };
		D5193EC02C1253110018EE66 /* CommentView.swift */ = {isa = PBXFileReference; lastKnownFileType = sourcecode.swift; path = CommentView.swift; sourceTree = "<group>"; };
		D5193EC22C1262320018EE66 /* Comment.swift */ = {isa = PBXFileReference; lastKnownFileType = sourcecode.swift; path = Comment.swift; sourceTree = "<group>"; };
		D5193EC42C1264030018EE66 /* CommentService.swift */ = {isa = PBXFileReference; lastKnownFileType = sourcecode.swift; path = CommentService.swift; sourceTree = "<group>"; };
		D5193EC62C12641C0018EE66 /* CommentViewModel.swift */ = {isa = PBXFileReference; lastKnownFileType = sourcecode.swift; path = CommentViewModel.swift; sourceTree = "<group>"; };
		D58EF3342C11DDF60087CD71 /* FeedViewModel.swift */ = {isa = PBXFileReference; lastKnownFileType = sourcecode.swift; path = FeedViewModel.swift; sourceTree = "<group>"; };
		D58EF3362C11EE1B0087CD71 /* PostService.swift */ = {isa = PBXFileReference; lastKnownFileType = sourcecode.swift; path = PostService.swift; sourceTree = "<group>"; };
		D58EF3382C11F85D0087CD71 /* PostGridViewModel.swift */ = {isa = PBXFileReference; lastKnownFileType = sourcecode.swift; path = PostGridViewModel.swift; sourceTree = "<group>"; };
		D58EF33C2C12021B0087CD71 /* Timestamp + Extension.swift */ = {isa = PBXFileReference; lastKnownFileType = sourcecode.swift; path = "Timestamp + Extension.swift"; sourceTree = "<group>"; };
		D5D3E2182C1349CB00BFFD21 /* Notification.swift */ = {isa = PBXFileReference; lastKnownFileType = sourcecode.swift; path = Notification.swift; sourceTree = "<group>"; };
		D5D3E21A2C134A4500BFFD21 /* NotificationType.swift */ = {isa = PBXFileReference; lastKnownFileType = sourcecode.swift; path = NotificationType.swift; sourceTree = "<group>"; };
		D5D3E21C2C13514500BFFD21 /* NotificationViewModel.swift */ = {isa = PBXFileReference; lastKnownFileType = sourcecode.swift; path = NotificationViewModel.swift; sourceTree = "<group>"; };
		D5D3E21E2C13563200BFFD21 /* NotificationService.swift */ = {isa = PBXFileReference; lastKnownFileType = sourcecode.swift; path = NotificationService.swift; sourceTree = "<group>"; };
		D5D3E2222C1359BC00BFFD21 /* NotificationManager.swift */ = {isa = PBXFileReference; lastKnownFileType = sourcecode.swift; path = NotificationManager.swift; sourceTree = "<group>"; };
/* End PBXFileReference section */

/* Begin PBXFrameworksBuildPhase section */
		D50257EC2C0ED922000C799E /* Frameworks */ = {
			isa = PBXFrameworksBuildPhase;
			buildActionMask = 2147483647;
			files = (
				D50258732C109E05000C799E /* Kingfisher in Frameworks */,
				D5193EB22C1213970018EE66 /* FirebaseAuth in Frameworks */,
				D5193EB42C1213970018EE66 /* FirebaseFirestore in Frameworks */,
				D5193EB82C1213970018EE66 /* FirebaseStorage in Frameworks */,
				D5193EB62C1213970018EE66 /* FirebaseFirestoreSwift in Frameworks */,
			);
			runOnlyForDeploymentPostprocessing = 0;
		};
/* End PBXFrameworksBuildPhase section */

/* Begin PBXGroup section */
		D50257E62C0ED922000C799E = {
			isa = PBXGroup;
			children = (
				D50257F12C0ED922000C799E /* InstagramSwiftUI */,
				D50257F02C0ED922000C799E /* Products */,
				D58EF33E2C120F570087CD71 /* Frameworks */,
			);
			sourceTree = "<group>";
		};
		D50257F02C0ED922000C799E /* Products */ = {
			isa = PBXGroup;
			children = (
				D50257EF2C0ED922000C799E /* InstagramSwiftUI.app */,
			);
			name = Products;
			sourceTree = "<group>";
		};
		D50257F12C0ED922000C799E /* InstagramSwiftUI */ = {
			isa = PBXGroup;
			children = (
				D50258042C0ED9C5000C799E /* App */,
				D50258032C0ED9C4000C799E /* Core */,
				D50258022C0ED9C3000C799E /* Module */,
				D50258012C0ED9C1000C799E /* Services */,
				D50258002C0ED9BF000C799E /* Extensions */,
				D50258052C0ED9E8000C799E /* Utils */,
				D50258102C0EDC62000C799E /* Managers */,
				D50257F62C0ED926000C799E /* Assets.xcassets */,
				D50258462C0F78E5000C799E /* GoogleService-Info.plist */,
				D50257F82C0ED926000C799E /* Preview Content */,
			);
			path = InstagramSwiftUI;
			sourceTree = "<group>";
		};
		D50257F82C0ED926000C799E /* Preview Content */ = {
			isa = PBXGroup;
			children = (
				D50257F92C0ED926000C799E /* Preview Assets.xcassets */,
			);
			path = "Preview Content";
			sourceTree = "<group>";
		};
		D50258002C0ED9BF000C799E /* Extensions */ = {
			isa = PBXGroup;
			children = (
				D502583B2C0F401D000C799E /* Int + Extension.swift */,
				D50258602C0FA74C000C799E /* String + Extension.swift */,
				D58EF33C2C12021B0087CD71 /* Timestamp + Extension.swift */,
			);
			path = Extensions;
			sourceTree = "<group>";
		};
		D50258012C0ED9C1000C799E /* Services */ = {
			isa = PBXGroup;
			children = (
				D50258652C103622000C799E /* UserService.swift */,
				D502586F2C107345000C799E /* ImageUploaderService.swift */,
				D58EF3362C11EE1B0087CD71 /* PostService.swift */,
			);
			path = Services;
			sourceTree = "<group>";
		};
		D50258022C0ED9C3000C799E /* Module */ = {
			isa = PBXGroup;
			children = (
				D50258222C0F15B1000C799E /* Superhero.swift */,
				D50258352C0F3029000C799E /* User.swift */,
				D50258392C0F3B28000C799E /* Post.swift */,
				D5164B542C1318E50043CB10 /* UserListConfig.swift */,
			);
			path = Module;
			sourceTree = "<group>";
		};
		D50258032C0ED9C4000C799E /* Core */ = {
			isa = PBXGroup;
			children = (
				D5164B5B2C132E900043CB10 /* Notifications */,
				D5193EB92C1252A60018EE66 /* Comments */,
				D50258152C0EE7AE000C799E /* Components */,
				D50258072C0EDA39000C799E /* Auth */,
				D502580C2C0EDA7A000C799E /* Creations */,
				D50258092C0EDA46000C799E /* Profile */,
				D50258082C0EDA40000C799E /* Feed */,
				D50258062C0EDA16000C799E /* Root */,
				D502580A2C0EDA4C000C799E /* Search */,
				D502580B2C0EDA6E000C799E /* Tabbar */,
			);
			path = Core;
			sourceTree = "<group>";
		};
		D50258042C0ED9C5000C799E /* App */ = {
			isa = PBXGroup;
			children = (
				D50257F22C0ED922000C799E /* InstagramSwiftUIApp.swift */,
			);
			path = App;
			sourceTree = "<group>";
		};
		D50258052C0ED9E8000C799E /* Utils */ = {
			isa = PBXGroup;
			children = (
				D502582A2C0F2793000C799E /* Modifire */,
				D50258182C0F02C6000C799E /* Constants.swift */,
			);
			path = Utils;
			sourceTree = "<group>";
		};
		D50258062C0EDA16000C799E /* Root */ = {
			isa = PBXGroup;
			children = (
				D502585A2C0F978A000C799E /* ViewModel */,
				D50258592C0F9782000C799E /* View */,
			);
			path = Root;
			sourceTree = "<group>";
		};
		D50258072C0EDA39000C799E /* Auth */ = {
			isa = PBXGroup;
			children = (
				D50258622C0FA95D000C799E /* protocol */,
				D502585B2C0F9961000C799E /* ViewModel */,
				D50258542C0F92E9000C799E /* Service */,
				D50258532C0F92E1000C799E /* View */,
			);
			path = Auth;
			sourceTree = "<group>";
		};
		D50258082C0EDA40000C799E /* Feed */ = {
			isa = PBXGroup;
			children = (
				D58EF3332C11DDE10087CD71 /* ViewModel */,
				D502581C2C0F0704000C799E /* FeedView.swift */,
				D502581E2C0F0717000C799E /* FeedCell.swift */,
			);
			path = Feed;
			sourceTree = "<group>";
		};
		D50258092C0EDA46000C799E /* Profile */ = {
			isa = PBXGroup;
			children = (
				D502586C2C1069DB000C799E /* View */,
				D502586B2C1069D2000C799E /* ViewModel */,
				D502583D2C0F4371000C799E /* Component */,
				D50258132C0EE299000C799E /* ProfileView.swift */,
				D50258372C0F37FF000C799E /* CurrentUserProfileView.swift */,
				D50258692C1062F5000C799E /* EditProfileView.swift */,
			);
			path = Profile;
			sourceTree = "<group>";
		};
		D502580A2C0EDA4C000C799E /* Search */ = {
			isa = PBXGroup;
			children = (
				D50258202C0F135A000C799E /* SearchView.swift */,
				D50258242C0F170F000C799E /* SearchCell.swift */,
				D50258672C105B1B000C799E /* SearchViewModel.swift */,
			);
			path = Search;
			sourceTree = "<group>";
		};
		D502580B2C0EDA6E000C799E /* Tabbar */ = {
			isa = PBXGroup;
			children = (
				D502580D2C0EDAF1000C799E /* MainTabView.swift */,
			);
			path = Tabbar;
			sourceTree = "<group>";
		};
		D502580C2C0EDA7A000C799E /* Creations */ = {
			isa = PBXGroup;
			children = (
				D50258422C0F5E95000C799E /* UploadPostView.swift */,
				D50258442C0F672C000C799E /* UploadPostViewModel.swift */,
			);
			path = Creations;
			sourceTree = "<group>";
		};
		D50258102C0EDC62000C799E /* Managers */ = {
			isa = PBXGroup;
			children = (
				D50258112C0EDC74000C799E /* UIManager.swift */,
			);
			path = Managers;
			sourceTree = "<group>";
		};
		D50258152C0EE7AE000C799E /* Components */ = {
			isa = PBXGroup;
			children = (
				D5164B582C13216D0043CB10 /* ViewMode */,
				D50258162C0EE7E8000C799E /* UserStatView.swift */,
				D50258742C10A63E000C799E /* RoundedImageView.swift */,
				D50258762C10E1C7000C799E /* CustomProgressView.swift */,
				D5164B562C13210B0043CB10 /* UserListView.swift */,
			);
			path = Components;
			sourceTree = "<group>";
		};
		D502582A2C0F2793000C799E /* Modifire */ = {
			isa = PBXGroup;
			children = (
				D502582B2C0F27AE000C799E /* TextFieldViewModifier.swift */,
				D502582D2C0F286E000C799E /* ButtonViewModifier.swift */,
			);
			path = Modifire;
			sourceTree = "<group>";
		};
		D502583D2C0F4371000C799E /* Component */ = {
			isa = PBXGroup;
			children = (
				D58EF33B2C11F86E0087CD71 /* View */,
				D58EF33A2C11F8650087CD71 /* ViewModel */,
			);
			path = Component;
			sourceTree = "<group>";
		};
		D50258532C0F92E1000C799E /* View */ = {
			isa = PBXGroup;
			children = (
				D50258262C0F181E000C799E /* LoginView.swift */,
				D50258282C0F24E0000C799E /* AddEmailView.swift */,
				D502582F2C0F2A5C000C799E /* AddUserNameView.swift */,
				D50258312C0F2C34000C799E /* AddPasswordView.swift */,
				D50258332C0F2D23000C799E /* CompleteSignUpView.swift */,
			);
			path = View;
			sourceTree = "<group>";
		};
		D50258542C0F92E9000C799E /* Service */ = {
			isa = PBXGroup;
			children = (
				D50258552C0F934E000C799E /* AuthService.swift */,
			);
			path = Service;
			sourceTree = "<group>";
		};
		D50258592C0F9782000C799E /* View */ = {
			isa = PBXGroup;
			children = (
				D50257F42C0ED922000C799E /* ContentView.swift */,
			);
			path = View;
			sourceTree = "<group>";
		};
		D502585A2C0F978A000C799E /* ViewModel */ = {
			isa = PBXGroup;
			children = (
				D50258572C0F9497000C799E /* ContentViewModel.swift */,
			);
			path = ViewModel;
			sourceTree = "<group>";
		};
		D502585B2C0F9961000C799E /* ViewModel */ = {
			isa = PBXGroup;
			children = (
				D502585C2C0F997A000C799E /* RegistrationViewModel.swift */,
				D502585E2C0FA2D7000C799E /* LoginViewModel.swift */,
			);
			path = ViewModel;
			sourceTree = "<group>";
		};
		D50258622C0FA95D000C799E /* protocol */ = {
			isa = PBXGroup;
			children = (
				D50258632C0FA976000C799E /* AuthenticationFormProtocol.swift */,
			);
			path = protocol;
			sourceTree = "<group>";
		};
		D502586B2C1069D2000C799E /* ViewModel */ = {
			isa = PBXGroup;
			children = (
				D502586D2C1069F6000C799E /* EditProfileViewModel.swift */,
				D5164B522C12F6D00043CB10 /* ProfileViewModel.swift */,
			);
			path = ViewModel;
			sourceTree = "<group>";
		};
		D502586C2C1069DB000C799E /* View */ = {
			isa = PBXGroup;
			children = (
			);
			path = View;
			sourceTree = "<group>";
		};
		D5164B582C13216D0043CB10 /* ViewMode */ = {
			isa = PBXGroup;
			children = (
				D5164B592C13218C0043CB10 /* UserListViewModel.swift */,
			);
			path = ViewMode;
			sourceTree = "<group>";
		};
		D5164B5B2C132E900043CB10 /* Notifications */ = {
			isa = PBXGroup;
			children = (
				D5D3E2212C13599200BFFD21 /* Manager */,
				D5164B5F2C132EA10043CB10 /* Models */,
				D5164B5E2C132EA00043CB10 /* View */,
				D5164B5D2C132E9E0043CB10 /* ViewModel */,
				D5164B5C2C132E9B0043CB10 /* Services */,
			);
			path = Notifications;
			sourceTree = "<group>";
		};
		D5164B5C2C132E9B0043CB10 /* Services */ = {
			isa = PBXGroup;
			children = (
				D5D3E21E2C13563200BFFD21 /* NotificationService.swift */,
			);
			path = Services;
			sourceTree = "<group>";
		};
		D5164B5D2C132E9E0043CB10 /* ViewModel */ = {
			isa = PBXGroup;
			children = (
				D5D3E21C2C13514500BFFD21 /* NotificationViewModel.swift */,
			);
			path = ViewModel;
			sourceTree = "<group>";
		};
		D5164B5E2C132EA00043CB10 /* View */ = {
			isa = PBXGroup;
			children = (
				D5164B602C132ECE0043CB10 /* NotificateView.swift */,
				D5164B622C132EF20043CB10 /* NotificationCell.swift */,
			);
			path = View;
			sourceTree = "<group>";
		};
		D5164B5F2C132EA10043CB10 /* Models */ = {
			isa = PBXGroup;
			children = (
				D5D3E2182C1349CB00BFFD21 /* Notification.swift */,
				D5D3E21A2C134A4500BFFD21 /* NotificationType.swift */,
			);
			path = Models;
			sourceTree = "<group>";
		};
		D5193EB92C1252A60018EE66 /* Comments */ = {
			isa = PBXGroup;
			children = (
				D5193EBD2C1252D50018EE66 /* Service */,
				D5193EBC2C1252CF0018EE66 /* Model */,
				D5193EBB2C1252C00018EE66 /* ViewModel */,
				D5193EBA2C1252AF0018EE66 /* View */,
			);
			path = Comments;
			sourceTree = "<group>";
		};
		D5193EBA2C1252AF0018EE66 /* View */ = {
			isa = PBXGroup;
			children = (
				D5193EBE2C1252F90018EE66 /* CommentCell.swift */,
				D5193EC02C1253110018EE66 /* CommentView.swift */,
			);
			path = View;
			sourceTree = "<group>";
		};
		D5193EBB2C1252C00018EE66 /* ViewModel */ = {
			isa = PBXGroup;
			children = (
				D5193EC62C12641C0018EE66 /* CommentViewModel.swift */,
			);
			path = ViewModel;
			sourceTree = "<group>";
		};
		D5193EBC2C1252CF0018EE66 /* Model */ = {
			isa = PBXGroup;
			children = (
				D5193EC22C1262320018EE66 /* Comment.swift */,
			);
			path = Model;
			sourceTree = "<group>";
		};
		D5193EBD2C1252D50018EE66 /* Service */ = {
			isa = PBXGroup;
			children = (
				D5193EC42C1264030018EE66 /* CommentService.swift */,
			);
			path = Service;
			sourceTree = "<group>";
		};
		D58EF3332C11DDE10087CD71 /* ViewModel */ = {
			isa = PBXGroup;
			children = (
				D58EF3342C11DDF60087CD71 /* FeedViewModel.swift */,
				D5193EAE2C1211D00018EE66 /* FeedCellViewModel.swift */,
			);
			path = ViewModel;
			sourceTree = "<group>";
		};
		D58EF33A2C11F8650087CD71 /* ViewModel */ = {
			isa = PBXGroup;
			children = (
				D58EF3382C11F85D0087CD71 /* PostGridViewModel.swift */,
			);
			path = ViewModel;
			sourceTree = "<group>";
		};
		D58EF33B2C11F86E0087CD71 /* View */ = {
			isa = PBXGroup;
			children = (
				D502583E2C0F438A000C799E /* PostGridView.swift */,
				D50258402C0F47F7000C799E /* ProfileHeaderView.swift */,
			);
			path = View;
			sourceTree = "<group>";
		};
		D58EF33E2C120F570087CD71 /* Frameworks */ = {
			isa = PBXGroup;
			children = (
			);
			name = Frameworks;
			sourceTree = "<group>";
		};
		D5D3E2212C13599200BFFD21 /* Manager */ = {
			isa = PBXGroup;
			children = (
				D5D3E2222C1359BC00BFFD21 /* NotificationManager.swift */,
			);
			path = Manager;
			sourceTree = "<group>";
		};
/* End PBXGroup section */

/* Begin PBXNativeTarget section */
		D50257EE2C0ED922000C799E /* InstagramSwiftUI */ = {
			isa = PBXNativeTarget;
			buildConfigurationList = D50257FD2C0ED926000C799E /* Build configuration list for PBXNativeTarget "InstagramSwiftUI" */;
			buildPhases = (
				D50257EB2C0ED922000C799E /* Sources */,
				D50257EC2C0ED922000C799E /* Frameworks */,
				D50257ED2C0ED922000C799E /* Resources */,
			);
			buildRules = (
			);
			dependencies = (
			);
			name = InstagramSwiftUI;
			packageProductDependencies = (
				D50258722C109E05000C799E /* Kingfisher */,
				D5193EB12C1213970018EE66 /* FirebaseAuth */,
				D5193EB32C1213970018EE66 /* FirebaseFirestore */,
				D5193EB52C1213970018EE66 /* FirebaseFirestoreSwift */,
				D5193EB72C1213970018EE66 /* FirebaseStorage */,
			);
			productName = InstagramSwiftUI;
			productReference = D50257EF2C0ED922000C799E /* InstagramSwiftUI.app */;
			productType = "com.apple.product-type.application";
		};
/* End PBXNativeTarget section */

/* Begin PBXProject section */
		D50257E72C0ED922000C799E /* Project object */ = {
			isa = PBXProject;
			attributes = {
				BuildIndependentTargetsInParallel = 1;
				LastSwiftUpdateCheck = 1540;
				LastUpgradeCheck = 1540;
				TargetAttributes = {
					D50257EE2C0ED922000C799E = {
						CreatedOnToolsVersion = 15.4;
					};
				};
			};
			buildConfigurationList = D50257EA2C0ED922000C799E /* Build configuration list for PBXProject "InstagramSwiftUI" */;
			compatibilityVersion = "Xcode 14.0";
			developmentRegion = en;
			hasScannedForEncodings = 0;
			knownRegions = (
				en,
				Base,
			);
			mainGroup = D50257E62C0ED922000C799E;
			packageReferences = (
				D50258712C109E04000C799E /* XCRemoteSwiftPackageReference "Kingfisher" */,
				D5193EB02C1213970018EE66 /* XCRemoteSwiftPackageReference "firebase-ios-sdk" */,
			);
			productRefGroup = D50257F02C0ED922000C799E /* Products */;
			projectDirPath = "";
			projectRoot = "";
			targets = (
				D50257EE2C0ED922000C799E /* InstagramSwiftUI */,
			);
		};
/* End PBXProject section */

/* Begin PBXResourcesBuildPhase section */
		D50257ED2C0ED922000C799E /* Resources */ = {
			isa = PBXResourcesBuildPhase;
			buildActionMask = 2147483647;
			files = (
				D50257FA2C0ED926000C799E /* Preview Assets.xcassets in Resources */,
				D50257F72C0ED926000C799E /* Assets.xcassets in Resources */,
				D50258472C0F78E5000C799E /* GoogleService-Info.plist in Resources */,
			);
			runOnlyForDeploymentPostprocessing = 0;
		};
/* End PBXResourcesBuildPhase section */

/* Begin PBXSourcesBuildPhase section */
		D50257EB2C0ED922000C799E /* Sources */ = {
			isa = PBXSourcesBuildPhase;
			buildActionMask = 2147483647;
			files = (
				D50258212C0F135A000C799E /* SearchView.swift in Sources */,
				D50258682C105B1B000C799E /* SearchViewModel.swift in Sources */,
				D502583A2C0F3B28000C799E /* Post.swift in Sources */,
				D50258452C0F672C000C799E /* UploadPostViewModel.swift in Sources */,
				D5164B612C132ECE0043CB10 /* NotificateView.swift in Sources */,
				D50258252C0F170F000C799E /* SearchCell.swift in Sources */,
				D502581D2C0F0704000C799E /* FeedView.swift in Sources */,
				D58EF3392C11F85D0087CD71 /* PostGridViewModel.swift in Sources */,
				D502582C2C0F27AE000C799E /* TextFieldViewModifier.swift in Sources */,
				D58EF3352C11DDF60087CD71 /* FeedViewModel.swift in Sources */,
				D50258662C103622000C799E /* UserService.swift in Sources */,
				D50258292C0F24E0000C799E /* AddEmailView.swift in Sources */,
				D5193EAF2C1211D10018EE66 /* FeedCellViewModel.swift in Sources */,
				D50257F52C0ED922000C799E /* ContentView.swift in Sources */,
				D5164B5A2C13218C0043CB10 /* UserListViewModel.swift in Sources */,
				D5193EBF2C1252F90018EE66 /* CommentCell.swift in Sources */,
				D50258432C0F5E95000C799E /* UploadPostView.swift in Sources */,
				D50258122C0EDC74000C799E /* UIManager.swift in Sources */,
				D50258342C0F2D23000C799E /* CompleteSignUpView.swift in Sources */,
				D50258362C0F3029000C799E /* User.swift in Sources */,
				D5D3E21D2C13514500BFFD21 /* NotificationViewModel.swift in Sources */,
				D50258142C0EE299000C799E /* ProfileView.swift in Sources */,
				D5193EC12C1253110018EE66 /* CommentView.swift in Sources */,
				D50257F32C0ED922000C799E /* InstagramSwiftUIApp.swift in Sources */,
				D50258412C0F47F7000C799E /* ProfileHeaderView.swift in Sources */,
				D5193EC72C12641C0018EE66 /* CommentViewModel.swift in Sources */,
				D50258192C0F02C7000C799E /* Constants.swift in Sources */,
				D502586A2C1062F5000C799E /* EditProfileView.swift in Sources */,
				D5D3E21F2C13563200BFFD21 /* NotificationService.swift in Sources */,
				D502582E2C0F286E000C799E /* ButtonViewModifier.swift in Sources */,
				D58EF33D2C12021B0087CD71 /* Timestamp + Extension.swift in Sources */,
				D502585F2C0FA2D7000C799E /* LoginViewModel.swift in Sources */,
				D50258612C0FA74D000C799E /* String + Extension.swift in Sources */,
				D502586E2C1069F6000C799E /* EditProfileViewModel.swift in Sources */,
				D5D3E2232C1359BC00BFFD21 /* NotificationManager.swift in Sources */,
				D5164B532C12F6D00043CB10 /* ProfileViewModel.swift in Sources */,
				D50258702C107346000C799E /* ImageUploaderService.swift in Sources */,
				D50258322C0F2C34000C799E /* AddPasswordView.swift in Sources */,
				D502583C2C0F401D000C799E /* Int + Extension.swift in Sources */,
				D502580E2C0EDAF1000C799E /* MainTabView.swift in Sources */,
				D50258302C0F2A5C000C799E /* AddUserNameView.swift in Sources */,
				D50258232C0F15B1000C799E /* Superhero.swift in Sources */,
				D50258382C0F37FF000C799E /* CurrentUserProfileView.swift in Sources */,
				D502583F2C0F438A000C799E /* PostGridView.swift in Sources */,
				D50258752C10A63E000C799E /* RoundedImageView.swift in Sources */,
				D50258272C0F181E000C799E /* LoginView.swift in Sources */,
				D502585D2C0F997A000C799E /* RegistrationViewModel.swift in Sources */,
				D5D3E21B2C134A4600BFFD21 /* NotificationType.swift in Sources */,
				D50258172C0EE7E8000C799E /* UserStatView.swift in Sources */,
				D5193EC52C1264030018EE66 /* CommentService.swift in Sources */,
				D5164B552C1318E50043CB10 /* UserListConfig.swift in Sources */,
				D5164B572C13210B0043CB10 /* UserListView.swift in Sources */,
				D5164B632C132EF20043CB10 /* NotificationCell.swift in Sources */,
				D502581F2C0F0717000C799E /* FeedCell.swift in Sources */,
				D5D3E2192C1349CB00BFFD21 /* Notification.swift in Sources */,
				D58EF3372C11EE1B0087CD71 /* PostService.swift in Sources */,
				D5193EC32C1262320018EE66 /* Comment.swift in Sources */,
				D50258582C0F9497000C799E /* ContentViewModel.swift in Sources */,
				D50258642C0FA977000C799E /* AuthenticationFormProtocol.swift in Sources */,
				D50258772C10E1C7000C799E /* CustomProgressView.swift in Sources */,
				D50258562C0F934E000C799E /* AuthService.swift in Sources */,
			);
			runOnlyForDeploymentPostprocessing = 0;
		};
/* End PBXSourcesBuildPhase section */

/* Begin XCBuildConfiguration section */
		D50257FB2C0ED926000C799E /* Debug */ = {
			isa = XCBuildConfiguration;
			buildSettings = {
				ALWAYS_SEARCH_USER_PATHS = NO;
				ASSETCATALOG_COMPILER_GENERATE_SWIFT_ASSET_SYMBOL_EXTENSIONS = YES;
				CLANG_ANALYZER_NONNULL = YES;
				CLANG_ANALYZER_NUMBER_OBJECT_CONVERSION = YES_AGGRESSIVE;
				CLANG_CXX_LANGUAGE_STANDARD = "gnu++20";
				CLANG_ENABLE_MODULES = YES;
				CLANG_ENABLE_OBJC_ARC = YES;
				CLANG_ENABLE_OBJC_WEAK = YES;
				CLANG_WARN_BLOCK_CAPTURE_AUTORELEASING = YES;
				CLANG_WARN_BOOL_CONVERSION = YES;
				CLANG_WARN_COMMA = YES;
				CLANG_WARN_CONSTANT_CONVERSION = YES;
				CLANG_WARN_DEPRECATED_OBJC_IMPLEMENTATIONS = YES;
				CLANG_WARN_DIRECT_OBJC_ISA_USAGE = YES_ERROR;
				CLANG_WARN_DOCUMENTATION_COMMENTS = YES;
				CLANG_WARN_EMPTY_BODY = YES;
				CLANG_WARN_ENUM_CONVERSION = YES;
				CLANG_WARN_INFINITE_RECURSION = YES;
				CLANG_WARN_INT_CONVERSION = YES;
				CLANG_WARN_NON_LITERAL_NULL_CONVERSION = YES;
				CLANG_WARN_OBJC_IMPLICIT_RETAIN_SELF = YES;
				CLANG_WARN_OBJC_LITERAL_CONVERSION = YES;
				CLANG_WARN_OBJC_ROOT_CLASS = YES_ERROR;
				CLANG_WARN_QUOTED_INCLUDE_IN_FRAMEWORK_HEADER = YES;
				CLANG_WARN_RANGE_LOOP_ANALYSIS = YES;
				CLANG_WARN_STRICT_PROTOTYPES = YES;
				CLANG_WARN_SUSPICIOUS_MOVE = YES;
				CLANG_WARN_UNGUARDED_AVAILABILITY = YES_AGGRESSIVE;
				CLANG_WARN_UNREACHABLE_CODE = YES;
				CLANG_WARN__DUPLICATE_METHOD_MATCH = YES;
				COPY_PHASE_STRIP = NO;
				DEBUG_INFORMATION_FORMAT = dwarf;
				ENABLE_STRICT_OBJC_MSGSEND = YES;
				ENABLE_TESTABILITY = YES;
				ENABLE_USER_SCRIPT_SANDBOXING = YES;
				GCC_C_LANGUAGE_STANDARD = gnu17;
				GCC_DYNAMIC_NO_PIC = NO;
				GCC_NO_COMMON_BLOCKS = YES;
				GCC_OPTIMIZATION_LEVEL = 0;
				GCC_PREPROCESSOR_DEFINITIONS = (
					"DEBUG=1",
					"$(inherited)",
				);
				GCC_WARN_64_TO_32_BIT_CONVERSION = YES;
				GCC_WARN_ABOUT_RETURN_TYPE = YES_ERROR;
				GCC_WARN_UNDECLARED_SELECTOR = YES;
				GCC_WARN_UNINITIALIZED_AUTOS = YES_AGGRESSIVE;
				GCC_WARN_UNUSED_FUNCTION = YES;
				GCC_WARN_UNUSED_VARIABLE = YES;
				IPHONEOS_DEPLOYMENT_TARGET = 17.5;
				LOCALIZATION_PREFERS_STRING_CATALOGS = YES;
				MTL_ENABLE_DEBUG_INFO = INCLUDE_SOURCE;
				MTL_FAST_MATH = YES;
				ONLY_ACTIVE_ARCH = YES;
				SDKROOT = iphoneos;
				SWIFT_ACTIVE_COMPILATION_CONDITIONS = "DEBUG $(inherited)";
				SWIFT_OPTIMIZATION_LEVEL = "-Onone";
			};
			name = Debug;
		};
		D50257FC2C0ED926000C799E /* Release */ = {
			isa = XCBuildConfiguration;
			buildSettings = {
				ALWAYS_SEARCH_USER_PATHS = NO;
				ASSETCATALOG_COMPILER_GENERATE_SWIFT_ASSET_SYMBOL_EXTENSIONS = YES;
				CLANG_ANALYZER_NONNULL = YES;
				CLANG_ANALYZER_NUMBER_OBJECT_CONVERSION = YES_AGGRESSIVE;
				CLANG_CXX_LANGUAGE_STANDARD = "gnu++20";
				CLANG_ENABLE_MODULES = YES;
				CLANG_ENABLE_OBJC_ARC = YES;
				CLANG_ENABLE_OBJC_WEAK = YES;
				CLANG_WARN_BLOCK_CAPTURE_AUTORELEASING = YES;
				CLANG_WARN_BOOL_CONVERSION = YES;
				CLANG_WARN_COMMA = YES;
				CLANG_WARN_CONSTANT_CONVERSION = YES;
				CLANG_WARN_DEPRECATED_OBJC_IMPLEMENTATIONS = YES;
				CLANG_WARN_DIRECT_OBJC_ISA_USAGE = YES_ERROR;
				CLANG_WARN_DOCUMENTATION_COMMENTS = YES;
				CLANG_WARN_EMPTY_BODY = YES;
				CLANG_WARN_ENUM_CONVERSION = YES;
				CLANG_WARN_INFINITE_RECURSION = YES;
				CLANG_WARN_INT_CONVERSION = YES;
				CLANG_WARN_NON_LITERAL_NULL_CONVERSION = YES;
				CLANG_WARN_OBJC_IMPLICIT_RETAIN_SELF = YES;
				CLANG_WARN_OBJC_LITERAL_CONVERSION = YES;
				CLANG_WARN_OBJC_ROOT_CLASS = YES_ERROR;
				CLANG_WARN_QUOTED_INCLUDE_IN_FRAMEWORK_HEADER = YES;
				CLANG_WARN_RANGE_LOOP_ANALYSIS = YES;
				CLANG_WARN_STRICT_PROTOTYPES = YES;
				CLANG_WARN_SUSPICIOUS_MOVE = YES;
				CLANG_WARN_UNGUARDED_AVAILABILITY = YES_AGGRESSIVE;
				CLANG_WARN_UNREACHABLE_CODE = YES;
				CLANG_WARN__DUPLICATE_METHOD_MATCH = YES;
				COPY_PHASE_STRIP = NO;
				DEBUG_INFORMATION_FORMAT = "dwarf-with-dsym";
				ENABLE_NS_ASSERTIONS = NO;
				ENABLE_STRICT_OBJC_MSGSEND = YES;
				ENABLE_USER_SCRIPT_SANDBOXING = YES;
				GCC_C_LANGUAGE_STANDARD = gnu17;
				GCC_NO_COMMON_BLOCKS = YES;
				GCC_WARN_64_TO_32_BIT_CONVERSION = YES;
				GCC_WARN_ABOUT_RETURN_TYPE = YES_ERROR;
				GCC_WARN_UNDECLARED_SELECTOR = YES;
				GCC_WARN_UNINITIALIZED_AUTOS = YES_AGGRESSIVE;
				GCC_WARN_UNUSED_FUNCTION = YES;
				GCC_WARN_UNUSED_VARIABLE = YES;
				IPHONEOS_DEPLOYMENT_TARGET = 17.5;
				LOCALIZATION_PREFERS_STRING_CATALOGS = YES;
				MTL_ENABLE_DEBUG_INFO = NO;
				MTL_FAST_MATH = YES;
				SDKROOT = iphoneos;
				SWIFT_COMPILATION_MODE = wholemodule;
				VALIDATE_PRODUCT = YES;
			};
			name = Release;
		};
		D50257FE2C0ED926000C799E /* Debug */ = {
			isa = XCBuildConfiguration;
			buildSettings = {
				ASSETCATALOG_COMPILER_APPICON_NAME = AppIcon;
				ASSETCATALOG_COMPILER_GLOBAL_ACCENT_COLOR_NAME = AccentColor;
				CODE_SIGN_STYLE = Automatic;
				CURRENT_PROJECT_VERSION = 1;
				DEVELOPMENT_ASSET_PATHS = "\"InstagramSwiftUI/Preview Content\"";
				ENABLE_PREVIEWS = YES;
				GENERATE_INFOPLIST_FILE = YES;
				INFOPLIST_KEY_UIApplicationSceneManifest_Generation = YES;
				INFOPLIST_KEY_UIApplicationSupportsIndirectInputEvents = YES;
				INFOPLIST_KEY_UILaunchScreen_Generation = YES;
				INFOPLIST_KEY_UISupportedInterfaceOrientations_iPad = "UIInterfaceOrientationPortrait UIInterfaceOrientationPortraitUpsideDown UIInterfaceOrientationLandscapeLeft UIInterfaceOrientationLandscapeRight";
				INFOPLIST_KEY_UISupportedInterfaceOrientations_iPhone = "UIInterfaceOrientationPortrait UIInterfaceOrientationLandscapeLeft UIInterfaceOrientationLandscapeRight";
				LD_RUNPATH_SEARCH_PATHS = (
					"$(inherited)",
					"@executable_path/Frameworks",
				);
				MARKETING_VERSION = 1.0;
				PRODUCT_BUNDLE_IDENTIFIER = app.hardibsalih.InstagramSwiftUI;
				PRODUCT_NAME = "$(TARGET_NAME)";
				SWIFT_EMIT_LOC_STRINGS = YES;
				SWIFT_VERSION = 5.0;
				TARGETED_DEVICE_FAMILY = "1,2";
			};
			name = Debug;
		};
		D50257FF2C0ED926000C799E /* Release */ = {
			isa = XCBuildConfiguration;
			buildSettings = {
				ASSETCATALOG_COMPILER_APPICON_NAME = AppIcon;
				ASSETCATALOG_COMPILER_GLOBAL_ACCENT_COLOR_NAME = AccentColor;
				CODE_SIGN_STYLE = Automatic;
				CURRENT_PROJECT_VERSION = 1;
				DEVELOPMENT_ASSET_PATHS = "\"InstagramSwiftUI/Preview Content\"";
				ENABLE_PREVIEWS = YES;
				GENERATE_INFOPLIST_FILE = YES;
				INFOPLIST_KEY_UIApplicationSceneManifest_Generation = YES;
				INFOPLIST_KEY_UIApplicationSupportsIndirectInputEvents = YES;
				INFOPLIST_KEY_UILaunchScreen_Generation = YES;
				INFOPLIST_KEY_UISupportedInterfaceOrientations_iPad = "UIInterfaceOrientationPortrait UIInterfaceOrientationPortraitUpsideDown UIInterfaceOrientationLandscapeLeft UIInterfaceOrientationLandscapeRight";
				INFOPLIST_KEY_UISupportedInterfaceOrientations_iPhone = "UIInterfaceOrientationPortrait UIInterfaceOrientationLandscapeLeft UIInterfaceOrientationLandscapeRight";
				LD_RUNPATH_SEARCH_PATHS = (
					"$(inherited)",
					"@executable_path/Frameworks",
				);
				MARKETING_VERSION = 1.0;
				PRODUCT_BUNDLE_IDENTIFIER = app.hardibsalih.InstagramSwiftUI;
				PRODUCT_NAME = "$(TARGET_NAME)";
				SWIFT_EMIT_LOC_STRINGS = YES;
				SWIFT_VERSION = 5.0;
				TARGETED_DEVICE_FAMILY = "1,2";
			};
			name = Release;
		};
/* End XCBuildConfiguration section */

/* Begin XCConfigurationList section */
		D50257EA2C0ED922000C799E /* Build configuration list for PBXProject "InstagramSwiftUI" */ = {
			isa = XCConfigurationList;
			buildConfigurations = (
				D50257FB2C0ED926000C799E /* Debug */,
				D50257FC2C0ED926000C799E /* Release */,
			);
			defaultConfigurationIsVisible = 0;
			defaultConfigurationName = Release;
		};
		D50257FD2C0ED926000C799E /* Build configuration list for PBXNativeTarget "InstagramSwiftUI" */ = {
			isa = XCConfigurationList;
			buildConfigurations = (
				D50257FE2C0ED926000C799E /* Debug */,
				D50257FF2C0ED926000C799E /* Release */,
			);
			defaultConfigurationIsVisible = 0;
			defaultConfigurationName = Release;
		};
/* End XCConfigurationList section */

/* Begin XCRemoteSwiftPackageReference section */
		D50258712C109E04000C799E /* XCRemoteSwiftPackageReference "Kingfisher" */ = {
			isa = XCRemoteSwiftPackageReference;
			repositoryURL = "https://github.com/onevcat/Kingfisher";
			requirement = {
				kind = upToNextMajorVersion;
				minimumVersion = 7.11.0;
			};
		};
		D5193EB02C1213970018EE66 /* XCRemoteSwiftPackageReference "firebase-ios-sdk" */ = {
			isa = XCRemoteSwiftPackageReference;
			repositoryURL = "https://github.com/firebase/firebase-ios-sdk";
			requirement = {
				kind = upToNextMajorVersion;
				minimumVersion = 10.27.0;
			};
		};
/* End XCRemoteSwiftPackageReference section */

/* Begin XCSwiftPackageProductDependency section */
		D50258722C109E05000C799E /* Kingfisher */ = {
			isa = XCSwiftPackageProductDependency;
			package = D50258712C109E04000C799E /* XCRemoteSwiftPackageReference "Kingfisher" */;
			productName = Kingfisher;
		};
		D5193EB12C1213970018EE66 /* FirebaseAuth */ = {
			isa = XCSwiftPackageProductDependency;
			package = D5193EB02C1213970018EE66 /* XCRemoteSwiftPackageReference "firebase-ios-sdk" */;
			productName = FirebaseAuth;
		};
		D5193EB32C1213970018EE66 /* FirebaseFirestore */ = {
			isa = XCSwiftPackageProductDependency;
			package = D5193EB02C1213970018EE66 /* XCRemoteSwiftPackageReference "firebase-ios-sdk" */;
			productName = FirebaseFirestore;
		};
		D5193EB52C1213970018EE66 /* FirebaseFirestoreSwift */ = {
			isa = XCSwiftPackageProductDependency;
			package = D5193EB02C1213970018EE66 /* XCRemoteSwiftPackageReference "firebase-ios-sdk" */;
			productName = FirebaseFirestoreSwift;
		};
		D5193EB72C1213970018EE66 /* FirebaseStorage */ = {
			isa = XCSwiftPackageProductDependency;
			package = D5193EB02C1213970018EE66 /* XCRemoteSwiftPackageReference "firebase-ios-sdk" */;
			productName = FirebaseStorage;
		};
/* End XCSwiftPackageProductDependency section */
	};
	rootObject = D50257E72C0ED922000C799E /* Project object */;
}
